// !$*UTF8*$!
{
	archiveVersion = 1;
	classes = {
	};
	objectVersion = 46;
	objects = {

/* Begin PBXBuildFile section */
		DC2E67DF17CA2E3500C8C66F /* Foundation.framework in Frameworks */ = {isa = PBXBuildFile; fileRef = DC2E67DE17CA2E3500C8C66F /* Foundation.framework */; };
		DC2E67E117CA2E3500C8C66F /* CoreGraphics.framework in Frameworks */ = {isa = PBXBuildFile; fileRef = DC2E67E017CA2E3500C8C66F /* CoreGraphics.framework */; };
		DC2E67E317CA2E3500C8C66F /* UIKit.framework in Frameworks */ = {isa = PBXBuildFile; fileRef = DC2E67E217CA2E3500C8C66F /* UIKit.framework */; };
		DC2E67E517CA2E3500C8C66F /* CoreData.framework in Frameworks */ = {isa = PBXBuildFile; fileRef = DC2E67E417CA2E3500C8C66F /* CoreData.framework */; };
		DC2E67EB17CA2E3500C8C66F /* InfoPlist.strings in Resources */ = {isa = PBXBuildFile; fileRef = DC2E67E917CA2E3500C8C66F /* InfoPlist.strings */; };
		DC2E67ED17CA2E3500C8C66F /* main.m in Sources */ = {isa = PBXBuildFile; fileRef = DC2E67EC17CA2E3500C8C66F /* main.m */; };
		DC2E67F117CA2E3500C8C66F /* IGGAppDelegate.m in Sources */ = {isa = PBXBuildFile; fileRef = DC2E67F017CA2E3500C8C66F /* IGGAppDelegate.m */; };
		DC2E67F417CA2E3500C8C66F /* Main.storyboard in Resources */ = {isa = PBXBuildFile; fileRef = DC2E67F217CA2E3500C8C66F /* Main.storyboard */; };
		DC2E67F717CA2E3500C8C66F /* MasterDetail_CD_iPhone.xcdatamodeld in Sources */ = {isa = PBXBuildFile; fileRef = DC2E67F517CA2E3500C8C66F /* MasterDetail_CD_iPhone.xcdatamodeld */; };
		DC2E67FA17CA2E3500C8C66F /* IGGMasterViewController.m in Sources */ = {isa = PBXBuildFile; fileRef = DC2E67F917CA2E3500C8C66F /* IGGMasterViewController.m */; };
		DC2E67FD17CA2E3500C8C66F /* IGGDetailViewController.m in Sources */ = {isa = PBXBuildFile; fileRef = DC2E67FC17CA2E3500C8C66F /* IGGDetailViewController.m */; };
		DC2E67FF17CA2E3500C8C66F /* Images.xcassets in Resources */ = {isa = PBXBuildFile; fileRef = DC2E67FE17CA2E3500C8C66F /* Images.xcassets */; };
		DC2E680617CA2E3500C8C66F /* XCTest.framework in Frameworks */ = {isa = PBXBuildFile; fileRef = DC2E680517CA2E3500C8C66F /* XCTest.framework */; };
		DC2E680717CA2E3500C8C66F /* Foundation.framework in Frameworks */ = {isa = PBXBuildFile; fileRef = DC2E67DE17CA2E3500C8C66F /* Foundation.framework */; };
		DC2E680817CA2E3500C8C66F /* UIKit.framework in Frameworks */ = {isa = PBXBuildFile; fileRef = DC2E67E217CA2E3500C8C66F /* UIKit.framework */; };
		DC2E680917CA2E3500C8C66F /* CoreData.framework in Frameworks */ = {isa = PBXBuildFile; fileRef = DC2E67E417CA2E3500C8C66F /* CoreData.framework */; };
		DC2E681117CA2E3500C8C66F /* InfoPlist.strings in Resources */ = {isa = PBXBuildFile; fileRef = DC2E680F17CA2E3500C8C66F /* InfoPlist.strings */; };
		DC2E681317CA2E3500C8C66F /* MasterDetail_CD_iPhoneTests.m in Sources */ = {isa = PBXBuildFile; fileRef = DC2E681217CA2E3500C8C66F /* MasterDetail_CD_iPhoneTests.m */; };
/* End PBXBuildFile section */

/* Begin PBXContainerItemProxy section */
		DC2E680A17CA2E3500C8C66F /* PBXContainerItemProxy */ = {
			isa = PBXContainerItemProxy;
			containerPortal = DC2E67D317CA2E3500C8C66F /* Project object */;
			proxyType = 1;
			remoteGlobalIDString = DC2E67DA17CA2E3500C8C66F;
			remoteInfo = MasterDetail_CD_iPhone;
		};
/* End PBXContainerItemProxy section */

/* Begin PBXFileReference section */
		DC2E67DB17CA2E3500C8C66F /* MasterDetail_CD_iPhone.app */ = {isa = PBXFileReference; explicitFileType = wrapper.application; includeInIndex = 0; path = MasterDetail_CD_iPhone.app; sourceTree = BUILT_PRODUCTS_DIR; };
		DC2E67DE17CA2E3500C8C66F /* Foundation.framework */ = {isa = PBXFileReference; lastKnownFileType = wrapper.framework; name = Foundation.framework; path = System/Library/Frameworks/Foundation.framework; sourceTree = SDKROOT; };
		DC2E67E017CA2E3500C8C66F /* CoreGraphics.framework */ = {isa = PBXFileReference; lastKnownFileType = wrapper.framework; name = CoreGraphics.framework; path = System/Library/Frameworks/CoreGraphics.framework; sourceTree = SDKROOT; };
		DC2E67E217CA2E3500C8C66F /* UIKit.framework */ = {isa = PBXFileReference; lastKnownFileType = wrapper.framework; name = UIKit.framework; path = System/Library/Frameworks/UIKit.framework; sourceTree = SDKROOT; };
		DC2E67E417CA2E3500C8C66F /* CoreData.framework */ = {isa = PBXFileReference; lastKnownFileType = wrapper.framework; name = CoreData.framework; path = System/Library/Frameworks/CoreData.framework; sourceTree = SDKROOT; };
		DC2E67E817CA2E3500C8C66F /* MasterDetail_CD_iPhone-Info.plist */ = {isa = PBXFileReference; lastKnownFileType = text.plist.xml; path = "MasterDetail_CD_iPhone-Info.plist"; sourceTree = "<group>"; };
		DC2E67EA17CA2E3500C8C66F /* en */ = {isa = PBXFileReference; lastKnownFileType = text.plist.strings; name = en; path = en.lproj/InfoPlist.strings; sourceTree = "<group>"; };
		DC2E67EC17CA2E3500C8C66F /* main.m */ = {isa = PBXFileReference; lastKnownFileType = sourcecode.c.objc; path = main.m; sourceTree = "<group>"; };
		DC2E67EE17CA2E3500C8C66F /* MasterDetail_CD_iPhone-Prefix.pch */ = {isa = PBXFileReference; lastKnownFileType = sourcecode.c.h; path = "MasterDetail_CD_iPhone-Prefix.pch"; sourceTree = "<group>"; };
		DC2E67EF17CA2E3500C8C66F /* IGGAppDelegate.h */ = {isa = PBXFileReference; lastKnownFileType = sourcecode.c.h; path = IGGAppDelegate.h; sourceTree = "<group>"; };
		DC2E67F017CA2E3500C8C66F /* IGGAppDelegate.m */ = {isa = PBXFileReference; lastKnownFileType = sourcecode.c.objc; path = IGGAppDelegate.m; sourceTree = "<group>"; };
		DC2E67F317CA2E3500C8C66F /* Base */ = {isa = PBXFileReference; lastKnownFileType = file.storyboard; name = Base; path = Base.lproj/Main.storyboard; sourceTree = "<group>"; };
		DC2E67F617CA2E3500C8C66F /* MasterDetail_CD_iPhone.xcdatamodel */ = {isa = PBXFileReference; lastKnownFileType = wrapper.xcdatamodel; path = MasterDetail_CD_iPhone.xcdatamodel; sourceTree = "<group>"; };
		DC2E67F817CA2E3500C8C66F /* IGGMasterViewController.h */ = {isa = PBXFileReference; lastKnownFileType = sourcecode.c.h; path = IGGMasterViewController.h; sourceTree = "<group>"; };
		DC2E67F917CA2E3500C8C66F /* IGGMasterViewController.m */ = {isa = PBXFileReference; lastKnownFileType = sourcecode.c.objc; path = IGGMasterViewController.m; sourceTree = "<group>"; };
		DC2E67FB17CA2E3500C8C66F /* IGGDetailViewController.h */ = {isa = PBXFileReference; lastKnownFileType = sourcecode.c.h; path = IGGDetailViewController.h; sourceTree = "<group>"; };
		DC2E67FC17CA2E3500C8C66F /* IGGDetailViewController.m */ = {isa = PBXFileReference; lastKnownFileType = sourcecode.c.objc; path = IGGDetailViewController.m; sourceTree = "<group>"; };
		DC2E67FE17CA2E3500C8C66F /* Images.xcassets */ = {isa = PBXFileReference; lastKnownFileType = folder.assetcatalog; path = Images.xcassets; sourceTree = "<group>"; };
		DC2E680417CA2E3500C8C66F /* MasterDetail_CD_iPhoneTests.xctest */ = {isa = PBXFileReference; explicitFileType = wrapper.cfbundle; includeInIndex = 0; path = MasterDetail_CD_iPhoneTests.xctest; sourceTree = BUILT_PRODUCTS_DIR; };
		DC2E680517CA2E3500C8C66F /* XCTest.framework */ = {isa = PBXFileReference; lastKnownFileType = wrapper.framework; name = XCTest.framework; path = Library/Frameworks/XCTest.framework; sourceTree = DEVELOPER_DIR; };
		DC2E680E17CA2E3500C8C66F /* MasterDetail_CD_iPhoneTests-Info.plist */ = {isa = PBXFileReference; lastKnownFileType = text.plist.xml; path = "MasterDetail_CD_iPhoneTests-Info.plist"; sourceTree = "<group>"; };
		DC2E681017CA2E3500C8C66F /* en */ = {isa = PBXFileReference; lastKnownFileType = text.plist.strings; name = en; path = en.lproj/InfoPlist.strings; sourceTree = "<group>"; };
		DC2E681217CA2E3500C8C66F /* MasterDetail_CD_iPhoneTests.m */ = {isa = PBXFileReference; lastKnownFileType = sourcecode.c.objc; path = MasterDetail_CD_iPhoneTests.m; sourceTree = "<group>"; };
/* End PBXFileReference section */

/* Begin PBXFrameworksBuildPhase section */
		DC2E67D817CA2E3500C8C66F /* Frameworks */ = {
			isa = PBXFrameworksBuildPhase;
			buildActionMask = 2147483647;
			files = (
				DC2E67E117CA2E3500C8C66F /* CoreGraphics.framework in Frameworks */,
				DC2E67E517CA2E3500C8C66F /* CoreData.framework in Frameworks */,
				DC2E67E317CA2E3500C8C66F /* UIKit.framework in Frameworks */,
				DC2E67DF17CA2E3500C8C66F /* Foundation.framework in Frameworks */,
			);
			runOnlyForDeploymentPostprocessing = 0;
		};
		DC2E680117CA2E3500C8C66F /* Frameworks */ = {
			isa = PBXFrameworksBuildPhase;
			buildActionMask = 2147483647;
			files = (
				DC2E680617CA2E3500C8C66F /* XCTest.framework in Frameworks */,
				DC2E680917CA2E3500C8C66F /* CoreData.framework in Frameworks */,
				DC2E680817CA2E3500C8C66F /* UIKit.framework in Frameworks */,
				DC2E680717CA2E3500C8C66F /* Foundation.framework in Frameworks */,
			);
			runOnlyForDeploymentPostprocessing = 0;
		};
/* End PBXFrameworksBuildPhase section */

/* Begin PBXGroup section */
		DC2E67D217CA2E3500C8C66F = {
			isa = PBXGroup;
			children = (
				DC2E67E617CA2E3500C8C66F /* MasterDetail_CD_iPhone */,
				DC2E680C17CA2E3500C8C66F /* MasterDetail_CD_iPhoneTests */,
				DC2E67DD17CA2E3500C8C66F /* Frameworks */,
				DC2E67DC17CA2E3500C8C66F /* Products */,
			);
			sourceTree = "<group>";
		};
		DC2E67DC17CA2E3500C8C66F /* Products */ = {
			isa = PBXGroup;
			children = (
				DC2E67DB17CA2E3500C8C66F /* MasterDetail_CD_iPhone.app */,
				DC2E680417CA2E3500C8C66F /* MasterDetail_CD_iPhoneTests.xctest */,
			);
			name = Products;
			sourceTree = "<group>";
		};
		DC2E67DD17CA2E3500C8C66F /* Frameworks */ = {
			isa = PBXGroup;
			children = (
				DC2E67DE17CA2E3500C8C66F /* Foundation.framework */,
				DC2E67E017CA2E3500C8C66F /* CoreGraphics.framework */,
				DC2E67E217CA2E3500C8C66F /* UIKit.framework */,
				DC2E67E417CA2E3500C8C66F /* CoreData.framework */,
				DC2E680517CA2E3500C8C66F /* XCTest.framework */,
			);
			name = Frameworks;
			sourceTree = "<group>";
		};
		DC2E67E617CA2E3500C8C66F /* MasterDetail_CD_iPhone */ = {
			isa = PBXGroup;
			children = (
				DC2E67EF17CA2E3500C8C66F /* IGGAppDelegate.h */,
				DC2E67F017CA2E3500C8C66F /* IGGAppDelegate.m */,
				DC2E67F217CA2E3500C8C66F /* Main.storyboard */,
				DC2E67F817CA2E3500C8C66F /* IGGMasterViewController.h */,
				DC2E67F917CA2E3500C8C66F /* IGGMasterViewController.m */,
				DC2E67FB17CA2E3500C8C66F /* IGGDetailViewController.h */,
				DC2E67FC17CA2E3500C8C66F /* IGGDetailViewController.m */,
				DC2E67FE17CA2E3500C8C66F /* Images.xcassets */,
				DC2E67F517CA2E3500C8C66F /* MasterDetail_CD_iPhone.xcdatamodeld */,
				DC2E67E717CA2E3500C8C66F /* Supporting Files */,
			);
			path = MasterDetail_CD_iPhone;
			sourceTree = "<group>";
		};
		DC2E67E717CA2E3500C8C66F /* Supporting Files */ = {
			isa = PBXGroup;
			children = (
				DC2E67E817CA2E3500C8C66F /* MasterDetail_CD_iPhone-Info.plist */,
				DC2E67E917CA2E3500C8C66F /* InfoPlist.strings */,
				DC2E67EC17CA2E3500C8C66F /* main.m */,
				DC2E67EE17CA2E3500C8C66F /* MasterDetail_CD_iPhone-Prefix.pch */,
			);
			name = "Supporting Files";
			sourceTree = "<group>";
		};
		DC2E680C17CA2E3500C8C66F /* MasterDetail_CD_iPhoneTests */ = {
			isa = PBXGroup;
			children = (
				DC2E681217CA2E3500C8C66F /* MasterDetail_CD_iPhoneTests.m */,
				DC2E680D17CA2E3500C8C66F /* Supporting Files */,
			);
			path = MasterDetail_CD_iPhoneTests;
			sourceTree = "<group>";
		};
		DC2E680D17CA2E3500C8C66F /* Supporting Files */ = {
			isa = PBXGroup;
			children = (
				DC2E680E17CA2E3500C8C66F /* MasterDetail_CD_iPhoneTests-Info.plist */,
				DC2E680F17CA2E3500C8C66F /* InfoPlist.strings */,
			);
			name = "Supporting Files";
			sourceTree = "<group>";
		};
/* End PBXGroup section */

/* Begin PBXNativeTarget section */
		DC2E67DA17CA2E3500C8C66F /* MasterDetail_CD_iPhone */ = {
			isa = PBXNativeTarget;
			buildConfigurationList = DC2E681617CA2E3500C8C66F /* Build configuration list for PBXNativeTarget "MasterDetail_CD_iPhone" */;
			buildPhases = (
				DC2E67D717CA2E3500C8C66F /* Sources */,
				DC2E67D817CA2E3500C8C66F /* Frameworks */,
				DC2E67D917CA2E3500C8C66F /* Resources */,
			);
			buildRules = (
			);
			dependencies = (
			);
			name = MasterDetail_CD_iPhone;
			productName = MasterDetail_CD_iPhone;
			productReference = DC2E67DB17CA2E3500C8C66F /* MasterDetail_CD_iPhone.app */;
			productType = "com.apple.product-type.application";
		};
		DC2E680317CA2E3500C8C66F /* MasterDetail_CD_iPhoneTests */ = {
			isa = PBXNativeTarget;
			buildConfigurationList = DC2E681917CA2E3500C8C66F /* Build configuration list for PBXNativeTarget "MasterDetail_CD_iPhoneTests" */;
			buildPhases = (
				DC2E680017CA2E3500C8C66F /* Sources */,
				DC2E680117CA2E3500C8C66F /* Frameworks */,
				DC2E680217CA2E3500C8C66F /* Resources */,
			);
			buildRules = (
			);
			dependencies = (
				DC2E680B17CA2E3500C8C66F /* PBXTargetDependency */,
			);
			name = MasterDetail_CD_iPhoneTests;
			productName = MasterDetail_CD_iPhoneTests;
			productReference = DC2E680417CA2E3500C8C66F /* MasterDetail_CD_iPhoneTests.xctest */;
			productType = "com.apple.product-type.bundle.unit-test";
		};
/* End PBXNativeTarget section */

/* Begin PBXProject section */
		DC2E67D317CA2E3500C8C66F /* Project object */ = {
			isa = PBXProject;
			attributes = {
				CLASSPREFIX = IGG;
				LastUpgradeCheck = 0500;
				ORGANIZATIONNAME = "Iggy Mwangi";
				TargetAttributes = {
					DC2E67DA17CA2E3500C8C66F = {
						DevelopmentTeam = 8X445N7629;
					};
					DC2E680317CA2E3500C8C66F = {
						TestTargetID = DC2E67DA17CA2E3500C8C66F;
					};
				};
			};
			buildConfigurationList = DC2E67D617CA2E3500C8C66F /* Build configuration list for PBXProject "MasterDetail_CD_iPhone" */;
			compatibilityVersion = "Xcode 3.2";
			developmentRegion = English;
			hasScannedForEncodings = 0;
			knownRegions = (
				en,
				Base,
			);
			mainGroup = DC2E67D217CA2E3500C8C66F;
			productRefGroup = DC2E67DC17CA2E3500C8C66F /* Products */;
			projectDirPath = "";
			projectRoot = "";
			targets = (
				DC2E67DA17CA2E3500C8C66F /* MasterDetail_CD_iPhone */,
				DC2E680317CA2E3500C8C66F /* MasterDetail_CD_iPhoneTests */,
			);
		};
/* End PBXProject section */

/* Begin PBXResourcesBuildPhase section */
		DC2E67D917CA2E3500C8C66F /* Resources */ = {
			isa = PBXResourcesBuildPhase;
			buildActionMask = 2147483647;
			files = (
				DC2E67FF17CA2E3500C8C66F /* Images.xcassets in Resources */,
				DC2E67EB17CA2E3500C8C66F /* InfoPlist.strings in Resources */,
				DC2E67F417CA2E3500C8C66F /* Main.storyboard in Resources */,
			);
			runOnlyForDeploymentPostprocessing = 0;
		};
		DC2E680217CA2E3500C8C66F /* Resources */ = {
			isa = PBXResourcesBuildPhase;
			buildActionMask = 2147483647;
			files = (
				DC2E681117CA2E3500C8C66F /* InfoPlist.strings in Resources */,
			);
			runOnlyForDeploymentPostprocessing = 0;
		};
/* End PBXResourcesBuildPhase section */

/* Begin PBXSourcesBuildPhase section */
		DC2E67D717CA2E3500C8C66F /* Sources */ = {
			isa = PBXSourcesBuildPhase;
			buildActionMask = 2147483647;
			files = (
				DC2E67F117CA2E3500C8C66F /* IGGAppDelegate.m in Sources */,
				DC2E67FD17CA2E3500C8C66F /* IGGDetailViewController.m in Sources */,
				DC2E67ED17CA2E3500C8C66F /* main.m in Sources */,
				DC2E67FA17CA2E3500C8C66F /* IGGMasterViewController.m in Sources */,
				DC2E67F717CA2E3500C8C66F /* MasterDetail_CD_iPhone.xcdatamodeld in Sources */,
			);
			runOnlyForDeploymentPostprocessing = 0;
		};
		DC2E680017CA2E3500C8C66F /* Sources */ = {
			isa = PBXSourcesBuildPhase;
			buildActionMask = 2147483647;
			files = (
				DC2E681317CA2E3500C8C66F /* MasterDetail_CD_iPhoneTests.m in Sources */,
			);
			runOnlyForDeploymentPostprocessing = 0;
		};
/* End PBXSourcesBuildPhase section */

/* Begin PBXTargetDependency section */
		DC2E680B17CA2E3500C8C66F /* PBXTargetDependency */ = {
			isa = PBXTargetDependency;
			target = DC2E67DA17CA2E3500C8C66F /* MasterDetail_CD_iPhone */;
			targetProxy = DC2E680A17CA2E3500C8C66F /* PBXContainerItemProxy */;
		};
/* End PBXTargetDependency section */

/* Begin PBXVariantGroup section */
		DC2E67E917CA2E3500C8C66F /* InfoPlist.strings */ = {
			isa = PBXVariantGroup;
			children = (
				DC2E67EA17CA2E3500C8C66F /* en */,
			);
			name = InfoPlist.strings;
			sourceTree = "<group>";
		};
		DC2E67F217CA2E3500C8C66F /* Main.storyboard */ = {
			isa = PBXVariantGroup;
			children = (
				DC2E67F317CA2E3500C8C66F /* Base */,
			);
			name = Main.storyboard;
			sourceTree = "<group>";
		};
		DC2E680F17CA2E3500C8C66F /* InfoPlist.strings */ = {
			isa = PBXVariantGroup;
			children = (
				DC2E681017CA2E3500C8C66F /* en */,
			);
			name = InfoPlist.strings;
			sourceTree = "<group>";
		};
/* End PBXVariantGroup section */

/* Begin XCBuildConfiguration section */
		DC2E681417CA2E3500C8C66F /* Debug */ = {
			isa = XCBuildConfiguration;
			buildSettings = {
				ALWAYS_SEARCH_USER_PATHS = NO;
				CLANG_CXX_LANGUAGE_STANDARD = "gnu++0x";
				CLANG_CXX_LIBRARY = "libc++";
				CLANG_ENABLE_MODULES = YES;
				CLANG_ENABLE_OBJC_ARC = YES;
				CLANG_WARN_BOOL_CONVERSION = YES;
				CLANG_WARN_CONSTANT_CONVERSION = YES;
				CLANG_WARN_DIRECT_OBJC_ISA_USAGE = YES_ERROR;
				CLANG_WARN_EMPTY_BODY = YES;
				CLANG_WARN_ENUM_CONVERSION = YES;
				CLANG_WARN_INT_CONVERSION = YES;
				CLANG_WARN_OBJC_ROOT_CLASS = YES_ERROR;
				CLANG_WARN__DUPLICATE_METHOD_MATCH = YES;
				"CODE_SIGN_IDENTITY[sdk=iphoneos*]" = "iPhone Developer";
				COPY_PHASE_STRIP = NO;
				GCC_C_LANGUAGE_STANDARD = gnu99;
				GCC_DYNAMIC_NO_PIC = NO;
				GCC_OPTIMIZATION_LEVEL = 0;
				GCC_PREPROCESSOR_DEFINITIONS = (
					"DEBUG=1",
					"$(inherited)",
				);
				GCC_SYMBOLS_PRIVATE_EXTERN = NO;
				GCC_WARN_ABOUT_RETURN_TYPE = YES_ERROR;
				GCC_WARN_UNDECLARED_SELECTOR = YES;
				GCC_WARN_UNINITIALIZED_AUTOS = YES;
				GCC_WARN_UNUSED_FUNCTION = YES;
				GCC_WARN_UNUSED_VARIABLE = YES;
				IPHONEOS_DEPLOYMENT_TARGET = 7.0;
				ONLY_ACTIVE_ARCH = YES;
				SDKROOT = iphoneos;
			};
			name = Debug;
		};
		DC2E681517CA2E3500C8C66F /* Release */ = {
			isa = XCBuildConfiguration;
			buildSettings = {
				ALWAYS_SEARCH_USER_PATHS = NO;
				CLANG_CXX_LANGUAGE_STANDARD = "gnu++0x";
				CLANG_CXX_LIBRARY = "libc++";
				CLANG_ENABLE_MODULES = YES;
				CLANG_ENABLE_OBJC_ARC = YES;
				CLANG_WARN_BOOL_CONVERSION = YES;
				CLANG_WARN_CONSTANT_CONVERSION = YES;
				CLANG_WARN_DIRECT_OBJC_ISA_USAGE = YES_ERROR;
				CLANG_WARN_EMPTY_BODY = YES;
				CLANG_WARN_ENUM_CONVERSION = YES;
				CLANG_WARN_INT_CONVERSION = YES;
				CLANG_WARN_OBJC_ROOT_CLASS = YES_ERROR;
				CLANG_WARN__DUPLICATE_METHOD_MATCH = YES;
				"CODE_SIGN_IDENTITY[sdk=iphoneos*]" = "iPhone Developer";
				COPY_PHASE_STRIP = YES;
				ENABLE_NS_ASSERTIONS = NO;
				GCC_C_LANGUAGE_STANDARD = gnu99;
				GCC_WARN_ABOUT_RETURN_TYPE = YES_ERROR;
				GCC_WARN_UNDECLARED_SELECTOR = YES;
				GCC_WARN_UNINITIALIZED_AUTOS = YES;
				GCC_WARN_UNUSED_FUNCTION = YES;
				GCC_WARN_UNUSED_VARIABLE = YES;
				IPHONEOS_DEPLOYMENT_TARGET = 7.0;
				SDKROOT = iphoneos;
				VALIDATE_PRODUCT = YES;
			};
			name = Release;
		};
		DC2E681717CA2E3500C8C66F /* Debug */ = {
			isa = XCBuildConfiguration;
			buildSettings = {
				ASSETCATALOG_COMPILER_APPICON_NAME = AppIcon;
				ASSETCATALOG_COMPILER_LAUNCHIMAGE_NAME = LaunchImage;
				CODE_SIGN_IDENTITY = "iPhone Developer";
				"CODE_SIGN_IDENTITY[sdk=iphoneos*]" = "iPhone Developer";
				GCC_PRECOMPILE_PREFIX_HEADER = YES;
				GCC_PREFIX_HEADER = "MasterDetail_CD_iPhone/MasterDetail_CD_iPhone-Prefix.pch";
				INFOPLIST_FILE = "MasterDetail_CD_iPhone/MasterDetail_CD_iPhone-Info.plist";
				PRODUCT_NAME = "$(TARGET_NAME)";
				PROVISIONING_PROFILE = "";
				WRAPPER_EXTENSION = app;
			};
			name = Debug;
		};
		DC2E681817CA2E3500C8C66F /* Release */ = {
			isa = XCBuildConfiguration;
			buildSettings = {
				ASSETCATALOG_COMPILER_APPICON_NAME = AppIcon;
				ASSETCATALOG_COMPILER_LAUNCHIMAGE_NAME = LaunchImage;
				CODE_SIGN_IDENTITY = "iPhone Developer";
				"CODE_SIGN_IDENTITY[sdk=iphoneos*]" = "iPhone Developer";
				GCC_PRECOMPILE_PREFIX_HEADER = YES;
				GCC_PREFIX_HEADER = "MasterDetail_CD_iPhone/MasterDetail_CD_iPhone-Prefix.pch";
				INFOPLIST_FILE = "MasterDetail_CD_iPhone/MasterDetail_CD_iPhone-Info.plist";
				PRODUCT_NAME = "$(TARGET_NAME)";
				PROVISIONING_PROFILE = "";
				WRAPPER_EXTENSION = app;
			};
			name = Release;
		};
		DC2E681A17CA2E3500C8C66F /* Debug */ = {
			isa = XCBuildConfiguration;
			buildSettings = {
				BUNDLE_LOADER = "$(BUILT_PRODUCTS_DIR)/MasterDetail_CD_iPhone.app/MasterDetail_CD_iPhone";
				FRAMEWORK_SEARCH_PATHS = (
					"$(SDKROOT)/Developer/Library/Frameworks",
					"$(inherited)",
					"$(DEVELOPER_FRAMEWORKS_DIR)",
				);
				GCC_PRECOMPILE_PREFIX_HEADER = YES;
				GCC_PREFIX_HEADER = "MasterDetail_CD_iPhone/MasterDetail_CD_iPhone-Prefix.pch";
				GCC_PREPROCESSOR_DEFINITIONS = (
					"DEBUG=1",
					"$(inherited)",
				);
				INFOPLIST_FILE = "MasterDetail_CD_iPhoneTests/MasterDetail_CD_iPhoneTests-Info.plist";
				PRODUCT_NAME = "$(TARGET_NAME)";
				TEST_HOST = "$(BUNDLE_LOADER)";
				WRAPPER_EXTENSION = xctest;
			};
			name = Debug;
		};
		DC2E681B17CA2E3500C8C66F /* Release */ = {
			isa = XCBuildConfiguration;
			buildSettings = {
				BUNDLE_LOADER = "$(BUILT_PRODUCTS_DIR)/MasterDetail_CD_iPhone.app/MasterDetail_CD_iPhone";
				FRAMEWORK_SEARCH_PATHS = (
					"$(SDKROOT)/Developer/Library/Frameworks",
					"$(inherited)",
					"$(DEVELOPER_FRAMEWORKS_DIR)",
				);
				GCC_PRECOMPILE_PREFIX_HEADER = YES;
				GCC_PREFIX_HEADER = "MasterDetail_CD_iPhone/MasterDetail_CD_iPhone-Prefix.pch";
				INFOPLIST_FILE = "MasterDetail_CD_iPhoneTests/MasterDetail_CD_iPhoneTests-Info.plist";
				PRODUCT_NAME = "$(TARGET_NAME)";
				TEST_HOST = "$(BUNDLE_LOADER)";
				WRAPPER_EXTENSION = xctest;
			};
			name = Release;
		};
/* End XCBuildConfiguration section */

/* Begin XCConfigurationList section */
		DC2E67D617CA2E3500C8C66F /* Build configuration list for PBXProject "MasterDetail_CD_iPhone" */ = {
			isa = XCConfigurationList;
			buildConfigurations = (
				DC2E681417CA2E3500C8C66F /* Debug */,
				DC2E681517CA2E3500C8C66F /* Release */,
			);
			defaultConfigurationIsVisible = 0;
			defaultConfigurationName = Release;
		};
		DC2E681617CA2E3500C8C66F /* Build configuration list for PBXNativeTarget "MasterDetail_CD_iPhone" */ = {
			isa = XCConfigurationList;
			buildConfigurations = (
				DC2E681717CA2E3500C8C66F /* Debug */,
				DC2E681817CA2E3500C8C66F /* Release */,
			);
			defaultConfigurationIsVisible = 0;
		};
		DC2E681917CA2E3500C8C66F /* Build configuration list for PBXNativeTarget "MasterDetail_CD_iPhoneTests" */ = {
			isa = XCConfigurationList;
			buildConfigurations = (
				DC2E681A17CA2E3500C8C66F /* Debug */,
				DC2E681B17CA2E3500C8C66F /* Release */,
			);
			defaultConfigurationIsVisible = 0;
		};
/* End XCConfigurationList section */

/* Begin XCVersionGroup section */
		DC2E67F517CA2E3500C8C66F /* MasterDetail_CD_iPhone.xcdatamodeld */ = {
			isa = XCVersionGroup;
			children = (
				DC2E67F617CA2E3500C8C66F /* MasterDetail_CD_iPhone.xcdatamodel */,
			);
			currentVersion = DC2E67F617CA2E3500C8C66F /* MasterDetail_CD_iPhone.xcdatamodel */;
			path = MasterDetail_CD_iPhone.xcdatamodeld;
			sourceTree = "<group>";
			versionGroupType = wrapper.xcdatamodel;
		};
/* End XCVersionGroup section */
	};
	rootObject = DC2E67D317CA2E3500C8C66F /* Project object */;
}
